
Microsoft Visual Studio Solution File, Format Version 12.00
# Visual Studio Version 17
VisualStudioVersion = 17.5.33516.290
MinimumVisualStudioVersion = 10.0.40219.1
Project("{FAE04EC0-301F-11D3-BF4B-00C04F79EFBC}") = "Cafemanagement", "Cafemanagement\Cafemanagement.csproj", "{18A42A6A-622C-4646-B583-2B4D7C85F74C}"
EndProject
Global
	GlobalSection(SolutionConfigurationPlatforms) = preSolution
		Debug|Any CPU = Debug|Any CPU
		Release|Any CPU = Release|Any CPU
	EndGlobalSection
	GlobalSection(ProjectConfigurationPlatforms) = postSolution
		{18A42A6A-622C-4646-B583-2B4D7C85F74C}.Debug|Any CPU.ActiveCfg = Debug|Any CPU
		{18A42A6A-622C-4646-B583-2B4D7C85F74C}.Debug|Any CPU.Build.0 = Debug|Any CPU
		{18A42A6A-622C-4646-B583-2B4D7C85F74C}.Release|Any CPU.ActiveCfg = Release|Any CPU
		{18A42A6A-622C-4646-B583-2B4D7C85F74C}.Release|Any CPU.Build.0 = Release|Any CPU
	EndGlobalSection
	GlobalSection(SolutionProperties) = preSolution
		HideSolutionNode = FALSE
	EndGlobalSection
	GlobalSection(ExtensibilityGlobals) = postSolution
		SolutionGuid = {EA258FED-89C6-493E-9D0A-878D251B19BD}
	EndGlobalSection
EndGlobal
